
Microsoft Visual Studio Solution File, Format Version 12.00
# Visual Studio Version 16
VisualStudioVersion = 16.0.31321.278
MinimumVisualStudioVersion = 10.0.40219.1
Project("{FAE04EC0-301F-11D3-BF4B-00C04F79EFBC}") = "CreatePassword", "CreatePassword\CreatePassword.csproj", "{03E20340-33CF-4BD9-984F-149873DBDCCE}"
EndProject
Global
	GlobalSection(SolutionConfigurationPlatforms) = preSolution
		Debug|Any CPU = Debug|Any CPU
		Release|Any CPU = Release|Any CPU
	EndGlobalSection
	GlobalSection(ProjectConfigurationPlatforms) = postSolution
		{03E20340-33CF-4BD9-984F-149873DBDCCE}.Debug|Any CPU.ActiveCfg = Debug|Any CPU
		{03E20340-33CF-4BD9-984F-149873DBDCCE}.Debug|Any CPU.Build.0 = Debug|Any CPU
		{03E20340-33CF-4BD9-984F-149873DBDCCE}.Release|Any CPU.ActiveCfg = Release|Any CPU
		{03E20340-33CF-4BD9-984F-149873DBDCCE}.Release|Any CPU.Build.0 = Release|Any CPU
	EndGlobalSection
	GlobalSection(SolutionProperties) = preSolution
		HideSolutionNode = FALSE
	EndGlobalSection
	GlobalSection(ExtensibilityGlobals) = postSolution
		SolutionGuid = {F04418BE-3CBD-4E54-AE0B-536CE003BA95}
	EndGlobalSection
EndGlobal
